// !$*UTF8*$!
{
	archiveVersion = 1;
	classes = {
	};
	objectVersion = 46;
	objects = {

/* Begin PBXBuildFile section */
		3C1C4C491AB35D6F0063CE51 /* SwiftDict2Model.swift in Sources */ = {isa = PBXBuildFile; fileRef = 3C1C4C481AB35D6F0063CE51 /* SwiftDict2Model.swift */; };
		3C2D0BD41AACB1990010588E /* AppDelegate.swift in Sources */ = {isa = PBXBuildFile; fileRef = 3C2D0BD31AACB1990010588E /* AppDelegate.swift */; };
		3C2D0BDB1AACB1990010588E /* Images.xcassets in Resources */ = {isa = PBXBuildFile; fileRef = 3C2D0BDA1AACB1990010588E /* Images.xcassets */; };
		3C2D0BEA1AACB1990010588E /* SwiftBlogTests.swift in Sources */ = {isa = PBXBuildFile; fileRef = 3C2D0BE91AACB1990010588E /* SwiftBlogTests.swift */; };
		3C2D0C071AACBD300010588E /* OAuthViewController.swift in Sources */ = {isa = PBXBuildFile; fileRef = 3C2D0C061AACBD300010588E /* OAuthViewController.swift */; };
		3C2D0C091AACBDBF0010588E /* OAuth.storyboard in Resources */ = {isa = PBXBuildFile; fileRef = 3C2D0C081AACBDBF0010588E /* OAuth.storyboard */; };
		3C2D0C111AACC24E0010588E /* SVIndefiniteAnimatedView.m in Sources */ = {isa = PBXBuildFile; fileRef = 3C2D0C0C1AACC24E0010588E /* SVIndefiniteAnimatedView.m */; };
		3C2D0C121AACC24E0010588E /* SVProgressHUD.bundle in Resources */ = {isa = PBXBuildFile; fileRef = 3C2D0C0E1AACC24E0010588E /* SVProgressHUD.bundle */; };
		3C2D0C131AACC24E0010588E /* SVProgressHUD.m in Sources */ = {isa = PBXBuildFile; fileRef = 3C2D0C101AACC24E0010588E /* SVProgressHUD.m */; };
		3C75F20A1ABA8C5F00D2F2C7 /* Main.storyboard in Resources */ = {isa = PBXBuildFile; fileRef = 3C75F2091ABA8C5F00D2F2C7 /* Main.storyboard */; };
		3C75F20C1ABA8CA100D2F2C7 /* MainTabBarController.swift in Sources */ = {isa = PBXBuildFile; fileRef = 3C75F20B1ABA8CA100D2F2C7 /* MainTabBarController.swift */; };
		3C75F20E1ABA8CBD00D2F2C7 /* MainTabBar.swift in Sources */ = {isa = PBXBuildFile; fileRef = 3C75F20D1ABA8CBD00D2F2C7 /* MainTabBar.swift */; };
		3C75F2101ABA8D1B00D2F2C7 /* Discover.storyboard in Resources */ = {isa = PBXBuildFile; fileRef = 3C75F20F1ABA8D1B00D2F2C7 /* Discover.storyboard */; };
		3C75F2121ABA8D3700D2F2C7 /* DiscoverViewController.swift in Sources */ = {isa = PBXBuildFile; fileRef = 3C75F2111ABA8D3700D2F2C7 /* DiscoverViewController.swift */; };
		3C75F2141ABA8D4D00D2F2C7 /* Home.storyboard in Resources */ = {isa = PBXBuildFile; fileRef = 3C75F2131ABA8D4D00D2F2C7 /* Home.storyboard */; };
		3C75F2161ABA8D5C00D2F2C7 /* HomeViewController.swift in Sources */ = {isa = PBXBuildFile; fileRef = 3C75F2151ABA8D5C00D2F2C7 /* HomeViewController.swift */; };
		3C75F2181ABA8D7600D2F2C7 /* Message.storyboard in Resources */ = {isa = PBXBuildFile; fileRef = 3C75F2171ABA8D7600D2F2C7 /* Message.storyboard */; };
		3C75F21A1ABA8D8600D2F2C7 /* MessageViewController.swift in Sources */ = {isa = PBXBuildFile; fileRef = 3C75F2191ABA8D8600D2F2C7 /* MessageViewController.swift */; };
		3C75F21C1ABA8DF400D2F2C7 /* Profile.storyboard in Resources */ = {isa = PBXBuildFile; fileRef = 3C75F21B1ABA8DF400D2F2C7 /* Profile.storyboard */; };
		3C75F21E1ABA8E0300D2F2C7 /* ProfileViewController.swift in Sources */ = {isa = PBXBuildFile; fileRef = 3C75F21D1ABA8E0300D2F2C7 /* ProfileViewController.swift */; };
		3C7803841AAEDD4C00974636 /* NetWorkManager.swift in Sources */ = {isa = PBXBuildFile; fileRef = 3C7803831AAEDD4C00974636 /* NetWorkManager.swift */; };
		3CFB76B11ABAC20700B1E24E /* Compose.storyboard in Resources */ = {isa = PBXBuildFile; fileRef = 3CFB76B01ABAC20700B1E24E /* Compose.storyboard */; };
		3CFB76B31ABAC23000B1E24E /* ComposeViewController.swift in Sources */ = {isa = PBXBuildFile; fileRef = 3CFB76B21ABAC23000B1E24E /* ComposeViewController.swift */; };
/* End PBXBuildFile section */

/* Begin PBXContainerItemProxy section */
		3C2D0BE41AACB1990010588E /* PBXContainerItemProxy */ = {
			isa = PBXContainerItemProxy;
			containerPortal = 3C2D0BC61AACB1990010588E /* Project object */;
			proxyType = 1;
			remoteGlobalIDString = 3C2D0BCD1AACB1990010588E;
			remoteInfo = SwiftBlog;
		};
/* End PBXContainerItemProxy section */

/* Begin PBXFileReference section */
		3C1C4C481AB35D6F0063CE51 /* SwiftDict2Model.swift */ = {isa = PBXFileReference; fileEncoding = 4; lastKnownFileType = sourcecode.swift; path = SwiftDict2Model.swift; sourceTree = "<group>"; };
		3C2D0BCE1AACB1990010588E /* SwiftBlog.app */ = {isa = PBXFileReference; explicitFileType = wrapper.application; includeInIndex = 0; path = SwiftBlog.app; sourceTree = BUILT_PRODUCTS_DIR; };
		3C2D0BD21AACB1990010588E /* Info.plist */ = {isa = PBXFileReference; lastKnownFileType = text.plist.xml; path = Info.plist; sourceTree = "<group>"; };
		3C2D0BD31AACB1990010588E /* AppDelegate.swift */ = {isa = PBXFileReference; lastKnownFileType = sourcecode.swift; path = AppDelegate.swift; sourceTree = "<group>"; };
		3C2D0BDA1AACB1990010588E /* Images.xcassets */ = {isa = PBXFileReference; lastKnownFileType = folder.assetcatalog; path = Images.xcassets; sourceTree = "<group>"; };
		3C2D0BE31AACB1990010588E /* SwiftBlogTests.xctest */ = {isa = PBXFileReference; explicitFileType = wrapper.cfbundle; includeInIndex = 0; path = SwiftBlogTests.xctest; sourceTree = BUILT_PRODUCTS_DIR; };
		3C2D0BE81AACB1990010588E /* Info.plist */ = {isa = PBXFileReference; lastKnownFileType = text.plist.xml; path = Info.plist; sourceTree = "<group>"; };
		3C2D0BE91AACB1990010588E /* SwiftBlogTests.swift */ = {isa = PBXFileReference; lastKnownFileType = sourcecode.swift; path = SwiftBlogTests.swift; sourceTree = "<group>"; };
		3C2D0C061AACBD300010588E /* OAuthViewController.swift */ = {isa = PBXFileReference; fileEncoding = 4; lastKnownFileType = sourcecode.swift; path = OAuthViewController.swift; sourceTree = "<group>"; };
		3C2D0C081AACBDBF0010588E /* OAuth.storyboard */ = {isa = PBXFileReference; fileEncoding = 4; lastKnownFileType = file.storyboard; path = OAuth.storyboard; sourceTree = "<group>"; };
		3C2D0C0B1AACC24E0010588E /* SVIndefiniteAnimatedView.h */ = {isa = PBXFileReference; fileEncoding = 4; lastKnownFileType = sourcecode.c.h; path = SVIndefiniteAnimatedView.h; sourceTree = "<group>"; };
		3C2D0C0C1AACC24E0010588E /* SVIndefiniteAnimatedView.m */ = {isa = PBXFileReference; fileEncoding = 4; lastKnownFileType = sourcecode.c.objc; path = SVIndefiniteAnimatedView.m; sourceTree = "<group>"; };
		3C2D0C0D1AACC24E0010588E /* SVProgressHUD-Prefix.pch */ = {isa = PBXFileReference; fileEncoding = 4; lastKnownFileType = sourcecode.c.h; path = "SVProgressHUD-Prefix.pch"; sourceTree = "<group>"; };
		3C2D0C0E1AACC24E0010588E /* SVProgressHUD.bundle */ = {isa = PBXFileReference; lastKnownFileType = "wrapper.plug-in"; path = SVProgressHUD.bundle; sourceTree = "<group>"; };
		3C2D0C0F1AACC24E0010588E /* SVProgressHUD.h */ = {isa = PBXFileReference; fileEncoding = 4; lastKnownFileType = sourcecode.c.h; path = SVProgressHUD.h; sourceTree = "<group>"; };
		3C2D0C101AACC24E0010588E /* SVProgressHUD.m */ = {isa = PBXFileReference; fileEncoding = 4; lastKnownFileType = sourcecode.c.objc; path = SVProgressHUD.m; sourceTree = "<group>"; };
		3C2D0C141AACC2920010588E /* SwiftBlog-Bridge.h */ = {isa = PBXFileReference; lastKnownFileType = sourcecode.c.h; path = "SwiftBlog-Bridge.h"; sourceTree = "<group>"; };
		3C75F2091ABA8C5F00D2F2C7 /* Main.storyboard */ = {isa = PBXFileReference; fileEncoding = 4; lastKnownFileType = file.storyboard; path = Main.storyboard; sourceTree = "<group>"; };
		3C75F20B1ABA8CA100D2F2C7 /* MainTabBarController.swift */ = {isa = PBXFileReference; fileEncoding = 4; lastKnownFileType = sourcecode.swift; path = MainTabBarController.swift; sourceTree = "<group>"; };
		3C75F20D1ABA8CBD00D2F2C7 /* MainTabBar.swift */ = {isa = PBXFileReference; fileEncoding = 4; lastKnownFileType = sourcecode.swift; path = MainTabBar.swift; sourceTree = "<group>"; };
		3C75F20F1ABA8D1B00D2F2C7 /* Discover.storyboard */ = {isa = PBXFileReference; fileEncoding = 4; lastKnownFileType = file.storyboard; path = Discover.storyboard; sourceTree = "<group>"; };
		3C75F2111ABA8D3700D2F2C7 /* DiscoverViewController.swift */ = {isa = PBXFileReference; fileEncoding = 4; lastKnownFileType = sourcecode.swift; path = DiscoverViewController.swift; sourceTree = "<group>"; };
		3C75F2131ABA8D4D00D2F2C7 /* Home.storyboard */ = {isa = PBXFileReference; fileEncoding = 4; lastKnownFileType = file.storyboard; path = Home.storyboard; sourceTree = "<group>"; };
		3C75F2151ABA8D5C00D2F2C7 /* HomeViewController.swift */ = {isa = PBXFileReference; fileEncoding = 4; lastKnownFileType = sourcecode.swift; path = HomeViewController.swift; sourceTree = "<group>"; };
		3C75F2171ABA8D7600D2F2C7 /* Message.storyboard */ = {isa = PBXFileReference; fileEncoding = 4; lastKnownFileType = file.storyboard; path = Message.storyboard; sourceTree = "<group>"; };
		3C75F2191ABA8D8600D2F2C7 /* MessageViewController.swift */ = {isa = PBXFileReference; fileEncoding = 4; lastKnownFileType = sourcecode.swift; path = MessageViewController.swift; sourceTree = "<group>"; };
		3C75F21B1ABA8DF400D2F2C7 /* Profile.storyboard */ = {isa = PBXFileReference; fileEncoding = 4; lastKnownFileType = file.storyboard; path = Profile.storyboard; sourceTree = "<group>"; };
		3C75F21D1ABA8E0300D2F2C7 /* ProfileViewController.swift */ = {isa = PBXFileReference; fileEncoding = 4; lastKnownFileType = sourcecode.swift; path = ProfileViewController.swift; sourceTree = "<group>"; };
		3C7803831AAEDD4C00974636 /* NetWorkManager.swift */ = {isa = PBXFileReference; fileEncoding = 4; lastKnownFileType = sourcecode.swift; path = NetWorkManager.swift; sourceTree = "<group>"; };
		3CFB76B01ABAC20700B1E24E /* Compose.storyboard */ = {isa = PBXFileReference; fileEncoding = 4; lastKnownFileType = file.storyboard; path = Compose.storyboard; sourceTree = "<group>"; };
		3CFB76B21ABAC23000B1E24E /* ComposeViewController.swift */ = {isa = PBXFileReference; fileEncoding = 4; lastKnownFileType = sourcecode.swift; path = ComposeViewController.swift; sourceTree = "<group>"; };
/* End PBXFileReference section */

/* Begin PBXFrameworksBuildPhase section */
		3C2D0BCB1AACB1990010588E /* Frameworks */ = {
			isa = PBXFrameworksBuildPhase;
			buildActionMask = 2147483647;
			files = (
			);
			runOnlyForDeploymentPostprocessing = 0;
		};
		3C2D0BE01AACB1990010588E /* Frameworks */ = {
			isa = PBXFrameworksBuildPhase;
			buildActionMask = 2147483647;
			files = (
			);
			runOnlyForDeploymentPostprocessing = 0;
		};
/* End PBXFrameworksBuildPhase section */

/* Begin PBXGroup section */
		3C2D0BC51AACB1990010588E = {
			isa = PBXGroup;
			children = (
				3C2D0BD01AACB1990010588E /* SwiftBlog */,
				3C2D0BE61AACB1990010588E /* SwiftBlogTests */,
				3C2D0BCF1AACB1990010588E /* Products */,
			);
			sourceTree = "<group>";
		};
		3C2D0BCF1AACB1990010588E /* Products */ = {
			isa = PBXGroup;
			children = (
				3C2D0BCE1AACB1990010588E /* SwiftBlog.app */,
				3C2D0BE31AACB1990010588E /* SwiftBlogTests.xctest */,
			);
			name = Products;
			sourceTree = "<group>";
		};
		3C2D0BD01AACB1990010588E /* SwiftBlog */ = {
			isa = PBXGroup;
			children = (
				3C2D0BF71AACB5720010588E /* Classes */,
				3C2D0C011AACB5720010588E /* Libs */,
				3C2D0BD31AACB1990010588E /* AppDelegate.swift */,
				3C2D0BD11AACB1990010588E /* Supporting Files */,
			);
			path = SwiftBlog;
			sourceTree = "<group>";
		};
		3C2D0BD11AACB1990010588E /* Supporting Files */ = {
			isa = PBXGroup;
			children = (
				3C2D0BDA1AACB1990010588E /* Images.xcassets */,
				3C2D0BD21AACB1990010588E /* Info.plist */,
				3C2D0C141AACC2920010588E /* SwiftBlog-Bridge.h */,
			);
			name = "Supporting Files";
			sourceTree = "<group>";
		};
		3C2D0BE61AACB1990010588E /* SwiftBlogTests */ = {
			isa = PBXGroup;
			children = (
				3C2D0BE91AACB1990010588E /* SwiftBlogTests.swift */,
				3C2D0BE71AACB1990010588E /* Supporting Files */,
			);
			path = SwiftBlogTests;
			sourceTree = "<group>";
		};
		3C2D0BE71AACB1990010588E /* Supporting Files */ = {
			isa = PBXGroup;
			children = (
				3C2D0BE81AACB1990010588E /* Info.plist */,
			);
			name = "Supporting Files";
			sourceTree = "<group>";
		};
		3C2D0BF71AACB5720010588E /* Classes */ = {
			isa = PBXGroup;
			children = (
				3C2D0BF81AACB5720010588E /* BusinessModel */,
				3C2D0BF91AACB5720010588E /* Tools */,
				3C2D0BFA1AACB5720010588E /* UI */,
			);
			path = Classes;
			sourceTree = "<group>";
		};
		3C2D0BF81AACB5720010588E /* BusinessModel */ = {
			isa = PBXGroup;
			children = (
			);
			path = BusinessModel;
			sourceTree = "<group>";
		};
		3C2D0BF91AACB5720010588E /* Tools */ = {
			isa = PBXGroup;
			children = (
				3C1C4C481AB35D6F0063CE51 /* SwiftDict2Model.swift */,
				3C7803831AAEDD4C00974636 /* NetWorkManager.swift */,
			);
			path = Tools;
			sourceTree = "<group>";
		};
		3C2D0BFA1AACB5720010588E /* UI */ = {
			isa = PBXGroup;
			children = (
				3CFB76AF1ABAC1FC00B1E24E /* Compose */,
				3C2D0BFB1AACB5720010588E /* Discover */,
				3C2D0BFC1AACB5720010588E /* Home */,
				3C2D0BFD1AACB5720010588E /* Main */,
				3C2D0BFE1AACB5720010588E /* Message */,
				3C2D0BFF1AACB5720010588E /* OAuth */,
				3C2D0C001AACB5720010588E /* Profile */,
			);
			path = UI;
			sourceTree = "<group>";
		};
		3C2D0BFB1AACB5720010588E /* Discover */ = {
			isa = PBXGroup;
			children = (
				3C75F20F1ABA8D1B00D2F2C7 /* Discover.storyboard */,
				3C75F2111ABA8D3700D2F2C7 /* DiscoverViewController.swift */,
			);
			path = Discover;
			sourceTree = "<group>";
		};
		3C2D0BFC1AACB5720010588E /* Home */ = {
			isa = PBXGroup;
			children = (
				3C75F2131ABA8D4D00D2F2C7 /* Home.storyboard */,
				3C75F2151ABA8D5C00D2F2C7 /* HomeViewController.swift */,
			);
			path = Home;
			sourceTree = "<group>";
		};
		3C2D0BFD1AACB5720010588E /* Main */ = {
			isa = PBXGroup;
			children = (
				3C75F2091ABA8C5F00D2F2C7 /* Main.storyboard */,
				3C75F20B1ABA8CA100D2F2C7 /* MainTabBarController.swift */,
				3C75F20D1ABA8CBD00D2F2C7 /* MainTabBar.swift */,
			);
			path = Main;
			sourceTree = "<group>";
		};
		3C2D0BFE1AACB5720010588E /* Message */ = {
			isa = PBXGroup;
			children = (
				3C75F2171ABA8D7600D2F2C7 /* Message.storyboard */,
				3C75F2191ABA8D8600D2F2C7 /* MessageViewController.swift */,
			);
			path = Message;
			sourceTree = "<group>";
		};
		3C2D0BFF1AACB5720010588E /* OAuth */ = {
			isa = PBXGroup;
			children = (
				3C2D0C081AACBDBF0010588E /* OAuth.storyboard */,
				3C2D0C061AACBD300010588E /* OAuthViewController.swift */,
			);
			path = OAuth;
			sourceTree = "<group>";
		};
		3C2D0C001AACB5720010588E /* Profile */ = {
			isa = PBXGroup;
			children = (
				3C75F21B1ABA8DF400D2F2C7 /* Profile.storyboard */,
				3C75F21D1ABA8E0300D2F2C7 /* ProfileViewController.swift */,
			);
			path = Profile;
			sourceTree = "<group>";
		};
		3C2D0C011AACB5720010588E /* Libs */ = {
			isa = PBXGroup;
			children = (
				3C2D0C0A1AACC24E0010588E /* SVProgressHUD */,
			);
			path = Libs;
			sourceTree = "<group>";
		};
		3C2D0C0A1AACC24E0010588E /* SVProgressHUD */ = {
			isa = PBXGroup;
			children = (
				3C2D0C0B1AACC24E0010588E /* SVIndefiniteAnimatedView.h */,
				3C2D0C0C1AACC24E0010588E /* SVIndefiniteAnimatedView.m */,
				3C2D0C0D1AACC24E0010588E /* SVProgressHUD-Prefix.pch */,
				3C2D0C0E1AACC24E0010588E /* SVProgressHUD.bundle */,
				3C2D0C0F1AACC24E0010588E /* SVProgressHUD.h */,
				3C2D0C101AACC24E0010588E /* SVProgressHUD.m */,
			);
			path = SVProgressHUD;
			sourceTree = "<group>";
		};
		3CFB76AF1ABAC1FC00B1E24E /* Compose */ = {
			isa = PBXGroup;
			children = (
				3CFB76B01ABAC20700B1E24E /* Compose.storyboard */,
				3CFB76B21ABAC23000B1E24E /* ComposeViewController.swift */,
			);
			path = Compose;
			sourceTree = "<group>";
		};
/* End PBXGroup section */

/* Begin PBXNativeTarget section */
		3C2D0BCD1AACB1990010588E /* SwiftBlog */ = {
			isa = PBXNativeTarget;
			buildConfigurationList = 3C2D0BED1AACB1990010588E /* Build configuration list for PBXNativeTarget "SwiftBlog" */;
			buildPhases = (
				3C2D0BCA1AACB1990010588E /* Sources */,
				3C2D0BCB1AACB1990010588E /* Frameworks */,
				3C2D0BCC1AACB1990010588E /* Resources */,
			);
			buildRules = (
			);
			dependencies = (
			);
			name = SwiftBlog;
			productName = SwiftBlog;
			productReference = 3C2D0BCE1AACB1990010588E /* SwiftBlog.app */;
			productType = "com.apple.product-type.application";
		};
		3C2D0BE21AACB1990010588E /* SwiftBlogTests */ = {
			isa = PBXNativeTarget;
			buildConfigurationList = 3C2D0BF01AACB1990010588E /* Build configuration list for PBXNativeTarget "SwiftBlogTests" */;
			buildPhases = (
				3C2D0BDF1AACB1990010588E /* Sources */,
				3C2D0BE01AACB1990010588E /* Frameworks */,
				3C2D0BE11AACB1990010588E /* Resources */,
			);
			buildRules = (
			);
			dependencies = (
				3C2D0BE51AACB1990010588E /* PBXTargetDependency */,
			);
			name = SwiftBlogTests;
			productName = SwiftBlogTests;
			productReference = 3C2D0BE31AACB1990010588E /* SwiftBlogTests.xctest */;
			productType = "com.apple.product-type.bundle.unit-test";
		};
/* End PBXNativeTarget section */

/* Begin PBXProject section */
		3C2D0BC61AACB1990010588E /* Project object */ = {
			isa = PBXProject;
			attributes = {
				LastUpgradeCheck = 0630;
				ORGANIZATIONNAME = king;
				TargetAttributes = {
					3C2D0BCD1AACB1990010588E = {
						CreatedOnToolsVersion = 6.3;
					};
					3C2D0BE21AACB1990010588E = {
						CreatedOnToolsVersion = 6.3;
						TestTargetID = 3C2D0BCD1AACB1990010588E;
					};
				};
			};
			buildConfigurationList = 3C2D0BC91AACB1990010588E /* Build configuration list for PBXProject "SwiftBlog" */;
			compatibilityVersion = "Xcode 3.2";
			developmentRegion = English;
			hasScannedForEncodings = 0;
			knownRegions = (
				en,
				Base,
			);
			mainGroup = 3C2D0BC51AACB1990010588E;
			productRefGroup = 3C2D0BCF1AACB1990010588E /* Products */;
			projectDirPath = "";
			projectRoot = "";
			targets = (
				3C2D0BCD1AACB1990010588E /* SwiftBlog */,
				3C2D0BE21AACB1990010588E /* SwiftBlogTests */,
			);
		};
/* End PBXProject section */

/* Begin PBXResourcesBuildPhase section */
		3C2D0BCC1AACB1990010588E /* Resources */ = {
			isa = PBXResourcesBuildPhase;
			buildActionMask = 2147483647;
			files = (
				3C2D0C091AACBDBF0010588E /* OAuth.storyboard in Resources */,
				3C2D0C121AACC24E0010588E /* SVProgressHUD.bundle in Resources */,
				3C75F21C1ABA8DF400D2F2C7 /* Profile.storyboard in Resources */,
				3C75F2101ABA8D1B00D2F2C7 /* Discover.storyboard in Resources */,
				3C75F2141ABA8D4D00D2F2C7 /* Home.storyboard in Resources */,
				3C2D0BDB1AACB1990010588E /* Images.xcassets in Resources */,
				3C75F20A1ABA8C5F00D2F2C7 /* Main.storyboard in Resources */,
				3CFB76B11ABAC20700B1E24E /* Compose.storyboard in Resources */,
				3C75F2181ABA8D7600D2F2C7 /* Message.storyboard in Resources */,
			);
			runOnlyForDeploymentPostprocessing = 0;
		};
		3C2D0BE11AACB1990010588E /* Resources */ = {
			isa = PBXResourcesBuildPhase;
			buildActionMask = 2147483647;
			files = (
			);
			runOnlyForDeploymentPostprocessing = 0;
		};
/* End PBXResourcesBuildPhase section */

/* Begin PBXSourcesBuildPhase section */
		3C2D0BCA1AACB1990010588E /* Sources */ = {
			isa = PBXSourcesBuildPhase;
			buildActionMask = 2147483647;
			files = (
				3C75F2121ABA8D3700D2F2C7 /* DiscoverViewController.swift in Sources */,
				3C7803841AAEDD4C00974636 /* NetWorkManager.swift in Sources */,
				3C2D0C071AACBD300010588E /* OAuthViewController.swift in Sources */,
				3C1C4C491AB35D6F0063CE51 /* SwiftDict2Model.swift in Sources */,
				3C75F20C1ABA8CA100D2F2C7 /* MainTabBarController.swift in Sources */,
				3CFB76B31ABAC23000B1E24E /* ComposeViewController.swift in Sources */,
				3C75F2161ABA8D5C00D2F2C7 /* HomeViewController.swift in Sources */,
				3C75F21E1ABA8E0300D2F2C7 /* ProfileViewController.swift in Sources */,
				3C75F20E1ABA8CBD00D2F2C7 /* MainTabBar.swift in Sources */,
				3C75F21A1ABA8D8600D2F2C7 /* MessageViewController.swift in Sources */,
				3C2D0C131AACC24E0010588E /* SVProgressHUD.m in Sources */,
				3C2D0BD41AACB1990010588E /* AppDelegate.swift in Sources */,
				3C2D0C111AACC24E0010588E /* SVIndefiniteAnimatedView.m in Sources */,
			);
			runOnlyForDeploymentPostprocessing = 0;
		};
		3C2D0BDF1AACB1990010588E /* Sources */ = {
			isa = PBXSourcesBuildPhase;
			buildActionMask = 2147483647;
			files = (
				3C2D0BEA1AACB1990010588E /* SwiftBlogTests.swift in Sources */,
			);
			runOnlyForDeploymentPostprocessing = 0;
		};
/* End PBXSourcesBuildPhase section */

/* Begin PBXTargetDependency section */
		3C2D0BE51AACB1990010588E /* PBXTargetDependency */ = {
			isa = PBXTargetDependency;
			target = 3C2D0BCD1AACB1990010588E /* SwiftBlog */;
			targetProxy = 3C2D0BE41AACB1990010588E /* PBXContainerItemProxy */;
		};
/* End PBXTargetDependency section */

/* Begin XCBuildConfiguration section */
		3C2D0BEB1AACB1990010588E /* Debug */ = {
			isa = XCBuildConfiguration;
			buildSettings = {
				ALWAYS_SEARCH_USER_PATHS = NO;
				CLANG_CXX_LANGUAGE_STANDARD = "gnu++0x";
				CLANG_CXX_LIBRARY = "libc++";
				CLANG_ENABLE_MODULES = YES;
				CLANG_ENABLE_OBJC_ARC = YES;
				CLANG_WARN_BOOL_CONVERSION = YES;
				CLANG_WARN_CONSTANT_CONVERSION = YES;
				CLANG_WARN_DIRECT_OBJC_ISA_USAGE = YES_ERROR;
				CLANG_WARN_EMPTY_BODY = YES;
				CLANG_WARN_ENUM_CONVERSION = YES;
				CLANG_WARN_INT_CONVERSION = YES;
				CLANG_WARN_OBJC_ROOT_CLASS = YES_ERROR;
				CLANG_WARN_UNREACHABLE_CODE = YES;
				CLANG_WARN__DUPLICATE_METHOD_MATCH = YES;
				"CODE_SIGN_IDENTITY[sdk=iphoneos*]" = "iPhone Developer";
				COPY_PHASE_STRIP = NO;
				DEBUG_INFORMATION_FORMAT = dwarf;
				ENABLE_STRICT_OBJC_MSGSEND = YES;
				GCC_C_LANGUAGE_STANDARD = gnu99;
				GCC_DYNAMIC_NO_PIC = NO;
				GCC_NO_COMMON_BLOCKS = YES;
				GCC_OPTIMIZATION_LEVEL = 0;
				GCC_PREPROCESSOR_DEFINITIONS = (
					"DEBUG=1",
					"$(inherited)",
				);
				GCC_SYMBOLS_PRIVATE_EXTERN = NO;
				GCC_WARN_64_TO_32_BIT_CONVERSION = YES;
				GCC_WARN_ABOUT_RETURN_TYPE = YES_ERROR;
				GCC_WARN_UNDECLARED_SELECTOR = YES;
				GCC_WARN_UNINITIALIZED_AUTOS = YES_AGGRESSIVE;
				GCC_WARN_UNUSED_FUNCTION = YES;
				GCC_WARN_UNUSED_VARIABLE = YES;
				IPHONEOS_DEPLOYMENT_TARGET = 8.3;
				MTL_ENABLE_DEBUG_INFO = YES;
				ONLY_ACTIVE_ARCH = YES;
				SDKROOT = iphoneos;
				SWIFT_OPTIMIZATION_LEVEL = "-Onone";
			};
			name = Debug;
		};
		3C2D0BEC1AACB1990010588E /* Release */ = {
			isa = XCBuildConfiguration;
			buildSettings = {
				ALWAYS_SEARCH_USER_PATHS = NO;
				CLANG_CXX_LANGUAGE_STANDARD = "gnu++0x";
				CLANG_CXX_LIBRARY = "libc++";
				CLANG_ENABLE_MODULES = YES;
				CLANG_ENABLE_OBJC_ARC = YES;
				CLANG_WARN_BOOL_CONVERSION = YES;
				CLANG_WARN_CONSTANT_CONVERSION = YES;
				CLANG_WARN_DIRECT_OBJC_ISA_USAGE = YES_ERROR;
				CLANG_WARN_EMPTY_BODY = YES;
				CLANG_WARN_ENUM_CONVERSION = YES;
				CLANG_WARN_INT_CONVERSION = YES;
				CLANG_WARN_OBJC_ROOT_CLASS = YES_ERROR;
				CLANG_WARN_UNREACHABLE_CODE = YES;
				CLANG_WARN__DUPLICATE_METHOD_MATCH = YES;
				"CODE_SIGN_IDENTITY[sdk=iphoneos*]" = "iPhone Developer";
				COPY_PHASE_STRIP = NO;
				DEBUG_INFORMATION_FORMAT = "dwarf-with-dsym";
				ENABLE_NS_ASSERTIONS = NO;
				ENABLE_STRICT_OBJC_MSGSEND = YES;
				GCC_C_LANGUAGE_STANDARD = gnu99;
				GCC_NO_COMMON_BLOCKS = YES;
				GCC_WARN_64_TO_32_BIT_CONVERSION = YES;
				GCC_WARN_ABOUT_RETURN_TYPE = YES_ERROR;
				GCC_WARN_UNDECLARED_SELECTOR = YES;
				GCC_WARN_UNINITIALIZED_AUTOS = YES_AGGRESSIVE;
				GCC_WARN_UNUSED_FUNCTION = YES;
				GCC_WARN_UNUSED_VARIABLE = YES;
				IPHONEOS_DEPLOYMENT_TARGET = 8.3;
				MTL_ENABLE_DEBUG_INFO = NO;
				SDKROOT = iphoneos;
				VALIDATE_PRODUCT = YES;
			};
			name = Release;
		};
		3C2D0BEE1AACB1990010588E /* Debug */ = {
			isa = XCBuildConfiguration;
			buildSettings = {
				ASSETCATALOG_COMPILER_APPICON_NAME = AppIcon;
				INFOPLIST_FILE = SwiftBlog/Info.plist;
				LD_RUNPATH_SEARCH_PATHS = "$(inherited) @executable_path/Frameworks";
				PRODUCT_NAME = "$(TARGET_NAME)";
				SWIFT_OBJC_BRIDGING_HEADER = "SwiftBlog/SwiftBlog-Bridge.h";
			};
			name = Debug;
		};
		3C2D0BEF1AACB1990010588E /* Release */ = {
			isa = XCBuildConfiguration;
			buildSettings = {
				ASSETCATALOG_COMPILER_APPICON_NAME = AppIcon;
				INFOPLIST_FILE = SwiftBlog/Info.plist;
				LD_RUNPATH_SEARCH_PATHS = "$(inherited) @executable_path/Frameworks";
				PRODUCT_NAME = "$(TARGET_NAME)";
				SWIFT_OBJC_BRIDGING_HEADER = "SwiftBlog/SwiftBlog-Bridge.h";
			};
			name = Release;
		};
		3C2D0BF11AACB1990010588E /* Debug */ = {
			isa = XCBuildConfiguration;
			buildSettings = {
				BUNDLE_LOADER = "$(TEST_HOST)";
				FRAMEWORK_SEARCH_PATHS = (
					"$(SDKROOT)/Developer/Library/Frameworks",
					"$(inherited)",
				);
				GCC_PREPROCESSOR_DEFINITIONS = (
					"DEBUG=1",
					"$(inherited)",
				);
				INFOPLIST_FILE = SwiftBlogTests/Info.plist;
				LD_RUNPATH_SEARCH_PATHS = "$(inherited) @executable_path/Frameworks @loader_path/Frameworks";
				PRODUCT_NAME = "$(TARGET_NAME)";
				TEST_HOST = "$(BUILT_PRODUCTS_DIR)/SwiftBlog.app/SwiftBlog";
			};
			name = Debug;
		};
		3C2D0BF21AACB1990010588E /* Release */ = {
			isa = XCBuildConfiguration;
			buildSettings = {
				BUNDLE_LOADER = "$(TEST_HOST)";
				FRAMEWORK_SEARCH_PATHS = (
					"$(SDKROOT)/Developer/Library/Frameworks",
					"$(inherited)",
				);
				INFOPLIST_FILE = SwiftBlogTests/Info.plist;
				LD_RUNPATH_SEARCH_PATHS = "$(inherited) @executable_path/Frameworks @loader_path/Frameworks";
				PRODUCT_NAME = "$(TARGET_NAME)";
				TEST_HOST = "$(BUILT_PRODUCTS_DIR)/SwiftBlog.app/SwiftBlog";
			};
			name = Release;
		};
/* End XCBuildConfiguration section */

/* Begin XCConfigurationList section */
		3C2D0BC91AACB1990010588E /* Build configuration list for PBXProject "SwiftBlog" */ = {
			isa = XCConfigurationList;
			buildConfigurations = (
				3C2D0BEB1AACB1990010588E /* Debug */,
				3C2D0BEC1AACB1990010588E /* Release */,
			);
			defaultConfigurationIsVisible = 0;
			defaultConfigurationName = Release;
		};
		3C2D0BED1AACB1990010588E /* Build configuration list for PBXNativeTarget "SwiftBlog" */ = {
			isa = XCConfigurationList;
			buildConfigurations = (
				3C2D0BEE1AACB1990010588E /* Debug */,
				3C2D0BEF1AACB1990010588E /* Release */,
			);
			defaultConfigurationIsVisible = 0;
			defaultConfigurationName = Release;
		};
		3C2D0BF01AACB1990010588E /* Build configuration list for PBXNativeTarget "SwiftBlogTests" */ = {
			isa = XCConfigurationList;
			buildConfigurations = (
				3C2D0BF11AACB1990010588E /* Debug */,
				3C2D0BF21AACB1990010588E /* Release */,
			);
			defaultConfigurationIsVisible = 0;
			defaultConfigurationName = Release;
		};
/* End XCConfigurationList section */
	};
	rootObject = 3C2D0BC61AACB1990010588E /* Project object */;
}
